
Microsoft Visual Studio Solution File, Format Version 11.00
# Visual Studio 2010
Project("{FAE04EC0-301F-11D3-BF4B-00C04F79EFBC}") = "BookDatabase.Api", "BookDatabase.Api\BookDatabase.Api.csproj", "{6346FDA2-B622-47C1-B073-B0544EEF4CDC}"
EndProject
Project("{FAE04EC0-301F-11D3-BF4B-00C04F79EFBC}") = "BookDatabase.Web", "BookDatabase.Web\BookDatabase.Web.csproj", "{D5CE6748-635C-4B93-8967-BB199C6A3AE5}"
EndProject
Project("{2150E333-8FDC-42A3-9474-1A3956D46DE8}") = "Solution Items", "Solution Items", "{FADB7C31-CDC3-4F48-8D37-02C7C5C7265E}"
	ProjectSection(SolutionItems) = preProject
		BookDatabase.vsmdi = BookDatabase.vsmdi
		CustomDictionary.xml = CustomDictionary.xml
		Local.testsettings = Local.testsettings
		Settings.StyleCop = Settings.StyleCop
		SolutionInfo.cs = SolutionInfo.cs
		TraceAndTestImpact.testsettings = TraceAndTestImpact.testsettings
	EndProjectSection
EndProject
Project("{FAE04EC0-301F-11D3-BF4B-00C04F79EFBC}") = "BookDatabase.Api.Tests", "BookDatabase.Api.Tests\BookDatabase.Api.Tests.csproj", "{3B4D0F92-03FA-4D80-8BB4-5117B72C87F7}"
EndProject
Project("{FAE04EC0-301F-11D3-BF4B-00C04F79EFBC}") = "BookDatabase.Web.Tests", "BookDatabase.Web.Tests\BookDatabase.Web.Tests.csproj", "{6ECBCE12-C59D-42A4-AB26-55E5B4F1B103}"
EndProject
Project("{FAE04EC0-301F-11D3-BF4B-00C04F79EFBC}") = "Delete", "Delete\Delete.csproj", "{A39517D4-00B4-4CE3-B578-EEF0A85B51A0}"
EndProject
Global
	GlobalSection(TestCaseManagementSettings) = postSolution
		CategoryFile = BookDatabase.vsmdi
	EndGlobalSection
	GlobalSection(SolutionConfigurationPlatforms) = preSolution
		Debug|Any CPU = Debug|Any CPU
		Debug|Mixed Platforms = Debug|Mixed Platforms
		Debug|x86 = Debug|x86
		Release|Any CPU = Release|Any CPU
		Release|Mixed Platforms = Release|Mixed Platforms
		Release|x86 = Release|x86
	EndGlobalSection
	GlobalSection(ProjectConfigurationPlatforms) = postSolution
		{6346FDA2-B622-47C1-B073-B0544EEF4CDC}.Debug|Any CPU.ActiveCfg = Debug|Any CPU
		{6346FDA2-B622-47C1-B073-B0544EEF4CDC}.Debug|Any CPU.Build.0 = Debug|Any CPU
		{6346FDA2-B622-47C1-B073-B0544EEF4CDC}.Debug|Mixed Platforms.ActiveCfg = Debug|Any CPU
		{6346FDA2-B622-47C1-B073-B0544EEF4CDC}.Debug|Mixed Platforms.Build.0 = Debug|Any CPU
		{6346FDA2-B622-47C1-B073-B0544EEF4CDC}.Debug|x86.ActiveCfg = Debug|Any CPU
		{6346FDA2-B622-47C1-B073-B0544EEF4CDC}.Release|Any CPU.ActiveCfg = Release|Any CPU
		{6346FDA2-B622-47C1-B073-B0544EEF4CDC}.Release|Any CPU.Build.0 = Release|Any CPU
		{6346FDA2-B622-47C1-B073-B0544EEF4CDC}.Release|Mixed Platforms.ActiveCfg = Release|Any CPU
		{6346FDA2-B622-47C1-B073-B0544EEF4CDC}.Release|Mixed Platforms.Build.0 = Release|Any CPU
		{6346FDA2-B622-47C1-B073-B0544EEF4CDC}.Release|x86.ActiveCfg = Release|Any CPU
		{D5CE6748-635C-4B93-8967-BB199C6A3AE5}.Debug|Any CPU.ActiveCfg = Debug|Any CPU
		{D5CE6748-635C-4B93-8967-BB199C6A3AE5}.Debug|Any CPU.Build.0 = Debug|Any CPU
		{D5CE6748-635C-4B93-8967-BB199C6A3AE5}.Debug|Mixed Platforms.ActiveCfg = Debug|Any CPU
		{D5CE6748-635C-4B93-8967-BB199C6A3AE5}.Debug|Mixed Platforms.Build.0 = Debug|Any CPU
		{D5CE6748-635C-4B93-8967-BB199C6A3AE5}.Debug|x86.ActiveCfg = Debug|Any CPU
		{D5CE6748-635C-4B93-8967-BB199C6A3AE5}.Release|Any CPU.ActiveCfg = Release|Any CPU
		{D5CE6748-635C-4B93-8967-BB199C6A3AE5}.Release|Any CPU.Build.0 = Release|Any CPU
		{D5CE6748-635C-4B93-8967-BB199C6A3AE5}.Release|Mixed Platforms.ActiveCfg = Release|Any CPU
		{D5CE6748-635C-4B93-8967-BB199C6A3AE5}.Release|Mixed Platforms.Build.0 = Release|Any CPU
		{D5CE6748-635C-4B93-8967-BB199C6A3AE5}.Release|x86.ActiveCfg = Release|Any CPU
		{3B4D0F92-03FA-4D80-8BB4-5117B72C87F7}.Debug|Any CPU.ActiveCfg = Debug|Any CPU
		{3B4D0F92-03FA-4D80-8BB4-5117B72C87F7}.Debug|Any CPU.Build.0 = Debug|Any CPU
		{3B4D0F92-03FA-4D80-8BB4-5117B72C87F7}.Debug|Mixed Platforms.ActiveCfg = Debug|Any CPU
		{3B4D0F92-03FA-4D80-8BB4-5117B72C87F7}.Debug|Mixed Platforms.Build.0 = Debug|Any CPU
		{3B4D0F92-03FA-4D80-8BB4-5117B72C87F7}.Debug|x86.ActiveCfg = Debug|Any CPU
		{3B4D0F92-03FA-4D80-8BB4-5117B72C87F7}.Release|Any CPU.ActiveCfg = Release|Any CPU
		{3B4D0F92-03FA-4D80-8BB4-5117B72C87F7}.Release|Any CPU.Build.0 = Release|Any CPU
		{3B4D0F92-03FA-4D80-8BB4-5117B72C87F7}.Release|Mixed Platforms.ActiveCfg = Release|Any CPU
		{3B4D0F92-03FA-4D80-8BB4-5117B72C87F7}.Release|Mixed Platforms.Build.0 = Release|Any CPU
		{3B4D0F92-03FA-4D80-8BB4-5117B72C87F7}.Release|x86.ActiveCfg = Release|Any CPU
		{6ECBCE12-C59D-42A4-AB26-55E5B4F1B103}.Debug|Any CPU.ActiveCfg = Debug|Any CPU
		{6ECBCE12-C59D-42A4-AB26-55E5B4F1B103}.Debug|Any CPU.Build.0 = Debug|Any CPU
		{6ECBCE12-C59D-42A4-AB26-55E5B4F1B103}.Debug|Mixed Platforms.ActiveCfg = Debug|Any CPU
		{6ECBCE12-C59D-42A4-AB26-55E5B4F1B103}.Debug|Mixed Platforms.Build.0 = Debug|Any CPU
		{6ECBCE12-C59D-42A4-AB26-55E5B4F1B103}.Debug|x86.ActiveCfg = Debug|Any CPU
		{6ECBCE12-C59D-42A4-AB26-55E5B4F1B103}.Release|Any CPU.ActiveCfg = Release|Any CPU
		{6ECBCE12-C59D-42A4-AB26-55E5B4F1B103}.Release|Any CPU.Build.0 = Release|Any CPU
		{6ECBCE12-C59D-42A4-AB26-55E5B4F1B103}.Release|Mixed Platforms.ActiveCfg = Release|Any CPU
		{6ECBCE12-C59D-42A4-AB26-55E5B4F1B103}.Release|Mixed Platforms.Build.0 = Release|Any CPU
		{6ECBCE12-C59D-42A4-AB26-55E5B4F1B103}.Release|x86.ActiveCfg = Release|Any CPU
		{A39517D4-00B4-4CE3-B578-EEF0A85B51A0}.Debug|Any CPU.ActiveCfg = Debug|x86
		{A39517D4-00B4-4CE3-B578-EEF0A85B51A0}.Debug|Mixed Platforms.ActiveCfg = Debug|x86
		{A39517D4-00B4-4CE3-B578-EEF0A85B51A0}.Debug|Mixed Platforms.Build.0 = Debug|x86
		{A39517D4-00B4-4CE3-B578-EEF0A85B51A0}.Debug|x86.ActiveCfg = Debug|x86
		{A39517D4-00B4-4CE3-B578-EEF0A85B51A0}.Debug|x86.Build.0 = Debug|x86
		{A39517D4-00B4-4CE3-B578-EEF0A85B51A0}.Release|Any CPU.ActiveCfg = Release|x86
		{A39517D4-00B4-4CE3-B578-EEF0A85B51A0}.Release|Mixed Platforms.ActiveCfg = Release|x86
		{A39517D4-00B4-4CE3-B578-EEF0A85B51A0}.Release|Mixed Platforms.Build.0 = Release|x86
		{A39517D4-00B4-4CE3-B578-EEF0A85B51A0}.Release|x86.ActiveCfg = Release|x86
		{A39517D4-00B4-4CE3-B578-EEF0A85B51A0}.Release|x86.Build.0 = Release|x86
	EndGlobalSection
	GlobalSection(SolutionProperties) = preSolution
		HideSolutionNode = FALSE
	EndGlobalSection
EndGlobal
